
Microsoft Visual Studio Solution File, Format Version 12.00
# Visual Studio Version 16
VisualStudioVersion = 16.0.29609.76
MinimumVisualStudioVersion = 10.0.40219.1
Project("{8BC9CEB8-8B4A-11D0-8D11-00A0C91BC942}") = "Pacman", "Pacman.vcxproj", "{E81F1B64-FDD4-4BC1-BC93-B90C5E442F19}"
EndProject
Global
	GlobalSection(SolutionConfigurationPlatforms) = preSolution
		Debug|x64 = Debug|x64
		Debug|x86 = Debug|x86
		Release|x64 = Release|x64
		Release|x86 = Release|x86
	EndGlobalSection
	GlobalSection(ProjectConfigurationPlatforms) = postSolution
		{E81F1B64-FDD4-4BC1-BC93-B90C5E442F19}.Debug|x64.ActiveCfg = Debug|x64
		{E81F1B64-FDD4-4BC1-BC93-B90C5E442F19}.Debug|x64.Build.0 = Debug|x64
		{E81F1B64-FDD4-4BC1-BC93-B90C5E442F19}.Debug|x86.ActiveCfg = Debug|Win32
		{E81F1B64-FDD4-4BC1-BC93-B90C5E442F19}.Debug|x86.Build.0 = Debug|Win32
		{E81F1B64-FDD4-4BC1-BC93-B90C5E442F19}.Release|x64.ActiveCfg = Release|x64
		{E81F1B64-FDD4-4BC1-BC93-B90C5E442F19}.Release|x64.Build.0 = Release|x64
		{E81F1B64-FDD4-4BC1-BC93-B90C5E442F19}.Release|x86.ActiveCfg = Release|Win32
		{E81F1B64-FDD4-4BC1-BC93-B90C5E442F19}.Release|x86.Build.0 = Release|Win32
	EndGlobalSection
	GlobalSection(SolutionProperties) = preSolution
		HideSolutionNode = FALSE
	EndGlobalSection
	GlobalSection(ExtensibilityGlobals) = postSolution
		SolutionGuid = {B1F740AD-1917-4BB9-A620-EBA22DA24D44}
	EndGlobalSection
EndGlobal
